// !$*UTF8*$!
{
	archiveVersion = 1;
	classes = {
	};
	objectVersion = 50;
	objects = {

/* Begin PBXBuildFile section */
		80040A0C25ADFBCA004746AC /* AppDelegate.swift in Sources */ = {isa = PBXBuildFile; fileRef = 80040A0B25ADFBCA004746AC /* AppDelegate.swift */; };
		80040A0E25ADFBCA004746AC /* SceneDelegate.swift in Sources */ = {isa = PBXBuildFile; fileRef = 80040A0D25ADFBCA004746AC /* SceneDelegate.swift */; };
		80040A1025ADFBCA004746AC /* ViewController.swift in Sources */ = {isa = PBXBuildFile; fileRef = 80040A0F25ADFBCA004746AC /* ViewController.swift */; };
		80040A1325ADFBCA004746AC /* Main.storyboard in Resources */ = {isa = PBXBuildFile; fileRef = 80040A1125ADFBCA004746AC /* Main.storyboard */; };
		80040A1525ADFC05004746AC /* Assets.xcassets in Resources */ = {isa = PBXBuildFile; fileRef = 80040A1425ADFC05004746AC /* Assets.xcassets */; };
		80040A1825ADFC05004746AC /* LaunchScreen.storyboard in Resources */ = {isa = PBXBuildFile; fileRef = 80040A1625ADFC05004746AC /* LaunchScreen.storyboard */; };
		80040A2125AE12D3004746AC /* DetailWebController.swift in Sources */ = {isa = PBXBuildFile; fileRef = 80040A2025AE12D3004746AC /* DetailWebController.swift */; };
/* End PBXBuildFile section */

/* Begin PBXFileReference section */
		80040A0825ADFBCA004746AC /* 5-Days.app */ = {isa = PBXFileReference; explicitFileType = wrapper.application; includeInIndex = 0; path = "5-Days.app"; sourceTree = BUILT_PRODUCTS_DIR; };
		80040A0B25ADFBCA004746AC /* AppDelegate.swift */ = {isa = PBXFileReference; lastKnownFileType = sourcecode.swift; path = AppDelegate.swift; sourceTree = "<group>"; };
		80040A0D25ADFBCA004746AC /* SceneDelegate.swift */ = {isa = PBXFileReference; lastKnownFileType = sourcecode.swift; path = SceneDelegate.swift; sourceTree = "<group>"; };
		80040A0F25ADFBCA004746AC /* ViewController.swift */ = {isa = PBXFileReference; lastKnownFileType = sourcecode.swift; path = ViewController.swift; sourceTree = "<group>"; };
		80040A1225ADFBCA004746AC /* Base */ = {isa = PBXFileReference; lastKnownFileType = file.storyboard; name = Base; path = Base.lproj/Main.storyboard; sourceTree = "<group>"; };
		80040A1425ADFC05004746AC /* Assets.xcassets */ = {isa = PBXFileReference; lastKnownFileType = folder.assetcatalog; path = Assets.xcassets; sourceTree = "<group>"; };
		80040A1725ADFC05004746AC /* Base */ = {isa = PBXFileReference; lastKnownFileType = file.storyboard; name = Base; path = Base.lproj/LaunchScreen.storyboard; sourceTree = "<group>"; };
		80040A1925ADFC05004746AC /* Info.plist */ = {isa = PBXFileReference; lastKnownFileType = text.plist.xml; path = Info.plist; sourceTree = "<group>"; };
		80040A2025AE12D3004746AC /* DetailWebController.swift */ = {isa = PBXFileReference; lastKnownFileType = sourcecode.swift; path = DetailWebController.swift; sourceTree = "<group>"; };
/* End PBXFileReference section */

/* Begin PBXFrameworksBuildPhase section */
		80040A0525ADFBCA004746AC /* Frameworks */ = {
			isa = PBXFrameworksBuildPhase;
			buildActionMask = 2147483647;
			files = (
			);
			runOnlyForDeploymentPostprocessing = 0;
		};
/* End PBXFrameworksBuildPhase section */

/* Begin PBXGroup section */
		800409FF25ADFBCA004746AC = {
			isa = PBXGroup;
			children = (
				80040A0A25ADFBCA004746AC /* 5-Days */,
				80040A0925ADFBCA004746AC /* Products */,
			);
			sourceTree = "<group>";
		};
		80040A0925ADFBCA004746AC /* Products */ = {
			isa = PBXGroup;
			children = (
				80040A0825ADFBCA004746AC /* 5-Days.app */,
			);
			name = Products;
			sourceTree = "<group>";
		};
		80040A0A25ADFBCA004746AC /* 5-Days */ = {
			isa = PBXGroup;
			children = (
				80040A0B25ADFBCA004746AC /* AppDelegate.swift */,
				80040A0D25ADFBCA004746AC /* SceneDelegate.swift */,
				80040A0F25ADFBCA004746AC /* ViewController.swift */,
				80040A1125ADFBCA004746AC /* Main.storyboard */,
				80040A2025AE12D3004746AC /* DetailWebController.swift */,
				80040A1425ADFC05004746AC /* Assets.xcassets */,
				80040A1625ADFC05004746AC /* LaunchScreen.storyboard */,
				80040A1925ADFC05004746AC /* Info.plist */,
			);
			path = "5-Days";
			sourceTree = "<group>";
		};
/* End PBXGroup section */

/* Begin PBXNativeTarget section */
		80040A0725ADFBCA004746AC /* 5-Days */ = {
			isa = PBXNativeTarget;
			buildConfigurationList = 80040A1C25ADFC05004746AC /* Build configuration list for PBXNativeTarget "5-Days" */;
			buildPhases = (
				80040A0425ADFBCA004746AC /* Sources */,
				80040A0525ADFBCA004746AC /* Frameworks */,
				80040A0625ADFBCA004746AC /* Resources */,
			);
			buildRules = (
			);
			dependencies = (
			);
			name = "5-Days";
			productName = "5-Days";
			productReference = 80040A0825ADFBCA004746AC /* 5-Days.app */;
			productType = "com.apple.product-type.application";
		};
/* End PBXNativeTarget section */

/* Begin PBXProject section */
		80040A0025ADFBCA004746AC /* Project object */ = {
			isa = PBXProject;
			attributes = {
				LastSwiftUpdateCheck = 1230;
				LastUpgradeCheck = 1230;
				TargetAttributes = {
					80040A0725ADFBCA004746AC = {
						CreatedOnToolsVersion = 12.3;
					};
				};
			};
			buildConfigurationList = 80040A0325ADFBCA004746AC /* Build configuration list for PBXProject "5-Days" */;
			compatibilityVersion = "Xcode 9.3";
			developmentRegion = en;
			hasScannedForEncodings = 0;
			knownRegions = (
				en,
				Base,
			);
			mainGroup = 800409FF25ADFBCA004746AC;
			productRefGroup = 80040A0925ADFBCA004746AC /* Products */;
			projectDirPath = "";
			projectRoot = "";
			targets = (
				80040A0725ADFBCA004746AC /* 5-Days */,
			);
		};
/* End PBXProject section */

/* Begin PBXResourcesBuildPhase section */
		80040A0625ADFBCA004746AC /* Resources */ = {
			isa = PBXResourcesBuildPhase;
			buildActionMask = 2147483647;
			files = (
				80040A1825ADFC05004746AC /* LaunchScreen.storyboard in Resources */,
				80040A1525ADFC05004746AC /* Assets.xcassets in Resources */,
				80040A1325ADFBCA004746AC /* Main.storyboard in Resources */,
			);
			runOnlyForDeploymentPostprocessing = 0;
		};
/* End PBXResourcesBuildPhase section */

/* Begin PBXSourcesBuildPhase section */
		80040A0425ADFBCA004746AC /* Sources */ = {
			isa = PBXSourcesBuildPhase;
			buildActionMask = 2147483647;
			files = (
				80040A1025ADFBCA004746AC /* ViewController.swift in Sources */,
				80040A2125AE12D3004746AC /* DetailWebController.swift in Sources */,
				80040A0C25ADFBCA004746AC /* AppDelegate.swift in Sources */,
				80040A0E25ADFBCA004746AC /* SceneDelegate.swift in Sources */,
			);
			runOnlyForDeploymentPostprocessing = 0;
		};
/* End PBXSourcesBuildPhase section */

/* Begin PBXVariantGroup section */
		80040A1125ADFBCA004746AC /* Main.storyboard */ = {
			isa = PBXVariantGroup;
			children = (
				80040A1225ADFBCA004746AC /* Base */,
			);
			name = Main.storyboard;
			sourceTree = "<group>";
		};
		80040A1625ADFC05004746AC /* LaunchScreen.storyboard */ = {
			isa = PBXVariantGroup;
			children = (
				80040A1725ADFC05004746AC /* Base */,
			);
			name = LaunchScreen.storyboard;
			sourceTree = "<group>";
		};
/* End PBXVariantGroup section */

/* Begin XCBuildConfiguration section */
		80040A1A25ADFC05004746AC /* Debug */ = {
			isa = XCBuildConfiguration;
			buildSettings = {
				ALWAYS_SEARCH_USER_PATHS = NO;
				CLANG_ANALYZER_NONNULL = YES;
				CLANG_ANALYZER_NUMBER_OBJECT_CONVERSION = YES_AGGRESSIVE;
				CLANG_CXX_LANGUAGE_STANDARD = "gnu++14";
				CLANG_CXX_LIBRARY = "libc++";
				CLANG_ENABLE_MODULES = YES;
				CLANG_ENABLE_OBJC_ARC = YES;
				CLANG_ENABLE_OBJC_WEAK = YES;
				CLANG_WARN_BLOCK_CAPTURE_AUTORELEASING = YES;
				CLANG_WARN_BOOL_CONVERSION = YES;
				CLANG_WARN_COMMA = YES;
				CLANG_WARN_CONSTANT_CONVERSION = YES;
				CLANG_WARN_DEPRECATED_OBJC_IMPLEMENTATIONS = YES;
				CLANG_WARN_DIRECT_OBJC_ISA_USAGE = YES_ERROR;
				CLANG_WARN_DOCUMENTATION_COMMENTS = YES;
				CLANG_WARN_EMPTY_BODY = YES;
				CLANG_WARN_ENUM_CONVERSION = YES;
				CLANG_WARN_INFINITE_RECURSION = YES;
				CLANG_WARN_INT_CONVERSION = YES;
				CLANG_WARN_NON_LITERAL_NULL_CONVERSION = YES;
				CLANG_WARN_OBJC_IMPLICIT_RETAIN_SELF = YES;
				CLANG_WARN_OBJC_LITERAL_CONVERSION = YES;
				CLANG_WARN_OBJC_ROOT_CLASS = YES_ERROR;
				CLANG_WARN_QUOTED_INCLUDE_IN_FRAMEWORK_HEADER = YES;
				CLANG_WARN_RANGE_LOOP_ANALYSIS = YES;
				CLANG_WARN_STRICT_PROTOTYPES = YES;
				CLANG_WARN_SUSPICIOUS_MOVE = YES;
				CLANG_WARN_UNGUARDED_AVAILABILITY = YES_AGGRESSIVE;
				CLANG_WARN_UNREACHABLE_CODE = YES;
				CLANG_WARN__DUPLICATE_METHOD_MATCH = YES;
				COPY_PHASE_STRIP = NO;
				DEBUG_INFORMATION_FORMAT = dwarf;
				ENABLE_STRICT_OBJC_MSGSEND = YES;
				ENABLE_TESTABILITY = YES;
				GCC_C_LANGUAGE_STANDARD = gnu11;
				GCC_DYNAMIC_NO_PIC = NO;
				GCC_NO_COMMON_BLOCKS = YES;
				GCC_OPTIMIZATION_LEVEL = 0;
				GCC_PREPROCESSOR_DEFINITIONS = (
					"DEBUG=1",
					"$(inherited)",
				);
				GCC_WARN_64_TO_32_BIT_CONVERSION = YES;
				GCC_WARN_ABOUT_RETURN_TYPE = YES_ERROR;
				GCC_WARN_UNDECLARED_SELECTOR = YES;
				GCC_WARN_UNINITIALIZED_AUTOS = YES_AGGRESSIVE;
				GCC_WARN_UNUSED_FUNCTION = YES;
				GCC_WARN_UNUSED_VARIABLE = YES;
				IPHONEOS_DEPLOYMENT_TARGET = 14.3;
				MTL_ENABLE_DEBUG_INFO = INCLUDE_SOURCE;
				MTL_FAST_MATH = YES;
				ONLY_ACTIVE_ARCH = YES;
				SDKROOT = iphoneos;
				SWIFT_ACTIVE_COMPILATION_CONDITIONS = DEBUG;
				SWIFT_OPTIMIZATION_LEVEL = "-Onone";
			};
			name = Debug;
		};
		80040A1B25ADFC05004746AC /* Release */ = {
			isa = XCBuildConfiguration;
			buildSettings = {
				ALWAYS_SEARCH_USER_PATHS = NO;
				CLANG_ANALYZER_NONNULL = YES;
				CLANG_ANALYZER_NUMBER_OBJECT_CONVERSION = YES_AGGRESSIVE;
				CLANG_CXX_LANGUAGE_STANDARD = "gnu++14";
				CLANG_CXX_LIBRARY = "libc++";
				CLANG_ENABLE_MODULES = YES;
				CLANG_ENABLE_OBJC_ARC = YES;
				CLANG_ENABLE_OBJC_WEAK = YES;
				CLANG_WARN_BLOCK_CAPTURE_AUTORELEASING = YES;
				CLANG_WARN_BOOL_CONVERSION = YES;
				CLANG_WARN_COMMA = YES;
				CLANG_WARN_CONSTANT_CONVERSION = YES;
				CLANG_WARN_DEPRECATED_OBJC_IMPLEMENTATIONS = YES;
				CLANG_WARN_DIRECT_OBJC_ISA_USAGE = YES_ERROR;
				CLANG_WARN_DOCUMENTATION_COMMENTS = YES;
				CLANG_WARN_EMPTY_BODY = YES;
				CLANG_WARN_ENUM_CONVERSION = YES;
				CLANG_WARN_INFINITE_RECURSION = YES;
				CLANG_WARN_INT_CONVERSION = YES;
				CLANG_WARN_NON_LITERAL_NULL_CONVERSION = YES;
				CLANG_WARN_OBJC_IMPLICIT_RETAIN_SELF = YES;
				CLANG_WARN_OBJC_LITERAL_CONVERSION = YES;
				CLANG_WARN_OBJC_ROOT_CLASS = YES_ERROR;
				CLANG_WARN_QUOTED_INCLUDE_IN_FRAMEWORK_HEADER = YES;
				CLANG_WARN_RANGE_LOOP_ANALYSIS = YES;
				CLANG_WARN_STRICT_PROTOTYPES = YES;
				CLANG_WARN_SUSPICIOUS_MOVE = YES;
				CLANG_WARN_UNGUARDED_AVAILABILITY = YES_AGGRESSIVE;
				CLANG_WARN_UNREACHABLE_CODE = YES;
				CLANG_WARN__DUPLICATE_METHOD_MATCH = YES;
				COPY_PHASE_STRIP = NO;
				DEBUG_INFORMATION_FORMAT = "dwarf-with-dsym";
				ENABLE_NS_ASSERTIONS = NO;
				ENABLE_STRICT_OBJC_MSGSEND = YES;
				GCC_C_LANGUAGE_STANDARD = gnu11;
				GCC_NO_COMMON_BLOCKS = YES;
				GCC_WARN_64_TO_32_BIT_CONVERSION = YES;
				GCC_WARN_ABOUT_RETURN_TYPE = YES_ERROR;
				GCC_WARN_UNDECLARED_SELECTOR = YES;
				GCC_WARN_UNINITIALIZED_AUTOS = YES_AGGRESSIVE;
				GCC_WARN_UNUSED_FUNCTION = YES;
				GCC_WARN_UNUSED_VARIABLE = YES;
				IPHONEOS_DEPLOYMENT_TARGET = 14.3;
				MTL_ENABLE_DEBUG_INFO = NO;
				MTL_FAST_MATH = YES;
				SDKROOT = iphoneos;
				SWIFT_COMPILATION_MODE = wholemodule;
				SWIFT_OPTIMIZATION_LEVEL = "-O";
				VALIDATE_PRODUCT = YES;
			};
			name = Release;
		};
		80040A1D25ADFC05004746AC /* Debug */ = {
			isa = XCBuildConfiguration;
			buildSettings = {
				ASSETCATALOG_COMPILER_APPICON_NAME = AppIcon;
				ASSETCATALOG_COMPILER_GLOBAL_ACCENT_COLOR_NAME = AccentColor;
				CODE_SIGN_STYLE = Automatic;
				INFOPLIST_FILE = "5-Days/Info.plist";
				LD_RUNPATH_SEARCH_PATHS = (
					"$(inherited)",
					"@executable_path/Frameworks",
				);
				PRODUCT_BUNDLE_IDENTIFIER = "appleApp.--Days";
				PRODUCT_NAME = "$(TARGET_NAME)";
				SWIFT_VERSION = 5.0;
				TARGETED_DEVICE_FAMILY = "1,2";
			};
			name = Debug;
		};
		80040A1E25ADFC05004746AC /* Release */ = {
			isa = XCBuildConfiguration;
			buildSettings = {
				ASSETCATALOG_COMPILER_APPICON_NAME = AppIcon;
				ASSETCATALOG_COMPILER_GLOBAL_ACCENT_COLOR_NAME = AccentColor;
				CODE_SIGN_STYLE = Automatic;
				INFOPLIST_FILE = "5-Days/Info.plist";
				LD_RUNPATH_SEARCH_PATHS = (
					"$(inherited)",
					"@executable_path/Frameworks",
				);
				PRODUCT_BUNDLE_IDENTIFIER = "appleApp.--Days";
				PRODUCT_NAME = "$(TARGET_NAME)";
				SWIFT_VERSION = 5.0;
				TARGETED_DEVICE_FAMILY = "1,2";
			};
			name = Release;
		};
/* End XCBuildConfiguration section */

/* Begin XCConfigurationList section */
		80040A0325ADFBCA004746AC /* Build configuration list for PBXProject "5-Days" */ = {
			isa = XCConfigurationList;
			buildConfigurations = (
				80040A1A25ADFC05004746AC /* Debug */,
				80040A1B25ADFC05004746AC /* Release */,
			);
			defaultConfigurationIsVisible = 0;
			defaultConfigurationName = Release;
		};
		80040A1C25ADFC05004746AC /* Build configuration list for PBXNativeTarget "5-Days" */ = {
			isa = XCConfigurationList;
			buildConfigurations = (
				80040A1D25ADFC05004746AC /* Debug */,
				80040A1E25ADFC05004746AC /* Release */,
			);
			defaultConfigurationIsVisible = 0;
			defaultConfigurationName = Release;
		};
/* End XCConfigurationList section */
	};
	rootObject = 80040A0025ADFBCA004746AC /* Project object */;
}
