// !$*UTF8*$!
{
	archiveVersion = 1;
	classes = {
	};
	objectVersion = 50;
	objects = {

/* Begin PBXBuildFile section */
		8073726425A76227006787FA /* AppDelegate.swift in Sources */ = {isa = PBXBuildFile; fileRef = 8073726325A76227006787FA /* AppDelegate.swift */; };
		8073726625A76227006787FA /* SceneDelegate.swift in Sources */ = {isa = PBXBuildFile; fileRef = 8073726525A76227006787FA /* SceneDelegate.swift */; };
		8073726825A76227006787FA /* ViewController.swift in Sources */ = {isa = PBXBuildFile; fileRef = 8073726725A76227006787FA /* ViewController.swift */; };
		8073726B25A76227006787FA /* Main.storyboard in Resources */ = {isa = PBXBuildFile; fileRef = 8073726925A76227006787FA /* Main.storyboard */; };
		8073726D25A7622A006787FA /* Assets.xcassets in Resources */ = {isa = PBXBuildFile; fileRef = 8073726C25A7622A006787FA /* Assets.xcassets */; };
		8073727025A7622A006787FA /* LaunchScreen.storyboard in Resources */ = {isa = PBXBuildFile; fileRef = 8073726E25A7622A006787FA /* LaunchScreen.storyboard */; };
		8073727925A7629D006787FA /* util.swift in Sources */ = {isa = PBXBuildFile; fileRef = 8073727825A7629D006787FA /* util.swift */; };
		8073727C25A7730D006787FA /* Settings.swift in Sources */ = {isa = PBXBuildFile; fileRef = 8073727B25A7730D006787FA /* Settings.swift */; };
		8073727F25A77F27006787FA /* EUser.swift in Sources */ = {isa = PBXBuildFile; fileRef = 8073727E25A77F27006787FA /* EUser.swift */; };
		8073728225A78700006787FA /* DetailViewController.swift in Sources */ = {isa = PBXBuildFile; fileRef = 8073728125A78700006787FA /* DetailViewController.swift */; };
/* End PBXBuildFile section */

/* Begin PBXFileReference section */
		8073726025A76227006787FA /* 3-Days.app */ = {isa = PBXFileReference; explicitFileType = wrapper.application; includeInIndex = 0; path = "3-Days.app"; sourceTree = BUILT_PRODUCTS_DIR; };
		8073726325A76227006787FA /* AppDelegate.swift */ = {isa = PBXFileReference; lastKnownFileType = sourcecode.swift; path = AppDelegate.swift; sourceTree = "<group>"; };
		8073726525A76227006787FA /* SceneDelegate.swift */ = {isa = PBXFileReference; lastKnownFileType = sourcecode.swift; path = SceneDelegate.swift; sourceTree = "<group>"; };
		8073726725A76227006787FA /* ViewController.swift */ = {isa = PBXFileReference; lastKnownFileType = sourcecode.swift; path = ViewController.swift; sourceTree = "<group>"; };
		8073726A25A76227006787FA /* Base */ = {isa = PBXFileReference; lastKnownFileType = file.storyboard; name = Base; path = Base.lproj/Main.storyboard; sourceTree = "<group>"; };
		8073726C25A7622A006787FA /* Assets.xcassets */ = {isa = PBXFileReference; lastKnownFileType = folder.assetcatalog; path = Assets.xcassets; sourceTree = "<group>"; };
		8073726F25A7622A006787FA /* Base */ = {isa = PBXFileReference; lastKnownFileType = file.storyboard; name = Base; path = Base.lproj/LaunchScreen.storyboard; sourceTree = "<group>"; };
		8073727125A7622A006787FA /* Info.plist */ = {isa = PBXFileReference; lastKnownFileType = text.plist.xml; path = Info.plist; sourceTree = "<group>"; };
		8073727825A7629D006787FA /* util.swift */ = {isa = PBXFileReference; lastKnownFileType = sourcecode.swift; path = util.swift; sourceTree = "<group>"; };
		8073727B25A7730D006787FA /* Settings.swift */ = {isa = PBXFileReference; lastKnownFileType = sourcecode.swift; path = Settings.swift; sourceTree = "<group>"; };
		8073727E25A77F27006787FA /* EUser.swift */ = {isa = PBXFileReference; lastKnownFileType = sourcecode.swift; path = EUser.swift; sourceTree = "<group>"; };
		8073728125A78700006787FA /* DetailViewController.swift */ = {isa = PBXFileReference; lastKnownFileType = sourcecode.swift; path = DetailViewController.swift; sourceTree = "<group>"; };
/* End PBXFileReference section */

/* Begin PBXFrameworksBuildPhase section */
		8073725D25A76227006787FA /* Frameworks */ = {
			isa = PBXFrameworksBuildPhase;
			buildActionMask = 2147483647;
			files = (
			);
			runOnlyForDeploymentPostprocessing = 0;
		};
/* End PBXFrameworksBuildPhase section */

/* Begin PBXGroup section */
		8073725725A76227006787FA = {
			isa = PBXGroup;
			children = (
				8073726225A76227006787FA /* 3-Days */,
				8073726125A76227006787FA /* Products */,
			);
			sourceTree = "<group>";
		};
		8073726125A76227006787FA /* Products */ = {
			isa = PBXGroup;
			children = (
				8073726025A76227006787FA /* 3-Days.app */,
			);
			name = Products;
			sourceTree = "<group>";
		};
		8073726225A76227006787FA /* 3-Days */ = {
			isa = PBXGroup;
			children = (
				8073726325A76227006787FA /* AppDelegate.swift */,
				8073726525A76227006787FA /* SceneDelegate.swift */,
				8073726725A76227006787FA /* ViewController.swift */,
				8073726925A76227006787FA /* Main.storyboard */,
				8073726C25A7622A006787FA /* Assets.xcassets */,
				8073726E25A7622A006787FA /* LaunchScreen.storyboard */,
				8073727125A7622A006787FA /* Info.plist */,
				8073727825A7629D006787FA /* util.swift */,
				8073727B25A7730D006787FA /* Settings.swift */,
				8073727E25A77F27006787FA /* EUser.swift */,
				8073728125A78700006787FA /* DetailViewController.swift */,
			);
			path = "3-Days";
			sourceTree = "<group>";
		};
/* End PBXGroup section */

/* Begin PBXNativeTarget section */
		8073725F25A76227006787FA /* 3-Days */ = {
			isa = PBXNativeTarget;
			buildConfigurationList = 8073727425A7622A006787FA /* Build configuration list for PBXNativeTarget "3-Days" */;
			buildPhases = (
				8073725C25A76227006787FA /* Sources */,
				8073725D25A76227006787FA /* Frameworks */,
				8073725E25A76227006787FA /* Resources */,
			);
			buildRules = (
			);
			dependencies = (
			);
			name = "3-Days";
			productName = "3-Days";
			productReference = 8073726025A76227006787FA /* 3-Days.app */;
			productType = "com.apple.product-type.application";
		};
/* End PBXNativeTarget section */

/* Begin PBXProject section */
		8073725825A76227006787FA /* Project object */ = {
			isa = PBXProject;
			attributes = {
				LastSwiftUpdateCheck = 1230;
				LastUpgradeCheck = 1230;
				TargetAttributes = {
					8073725F25A76227006787FA = {
						CreatedOnToolsVersion = 12.3;
					};
				};
			};
			buildConfigurationList = 8073725B25A76227006787FA /* Build configuration list for PBXProject "3-Days" */;
			compatibilityVersion = "Xcode 9.3";
			developmentRegion = en;
			hasScannedForEncodings = 0;
			knownRegions = (
				en,
				Base,
			);
			mainGroup = 8073725725A76227006787FA;
			productRefGroup = 8073726125A76227006787FA /* Products */;
			projectDirPath = "";
			projectRoot = "";
			targets = (
				8073725F25A76227006787FA /* 3-Days */,
			);
		};
/* End PBXProject section */

/* Begin PBXResourcesBuildPhase section */
		8073725E25A76227006787FA /* Resources */ = {
			isa = PBXResourcesBuildPhase;
			buildActionMask = 2147483647;
			files = (
				8073727025A7622A006787FA /* LaunchScreen.storyboard in Resources */,
				8073726D25A7622A006787FA /* Assets.xcassets in Resources */,
				8073726B25A76227006787FA /* Main.storyboard in Resources */,
			);
			runOnlyForDeploymentPostprocessing = 0;
		};
/* End PBXResourcesBuildPhase section */

/* Begin PBXSourcesBuildPhase section */
		8073725C25A76227006787FA /* Sources */ = {
			isa = PBXSourcesBuildPhase;
			buildActionMask = 2147483647;
			files = (
				8073727F25A77F27006787FA /* EUser.swift in Sources */,
				8073726825A76227006787FA /* ViewController.swift in Sources */,
				8073726425A76227006787FA /* AppDelegate.swift in Sources */,
				8073726625A76227006787FA /* SceneDelegate.swift in Sources */,
				8073727925A7629D006787FA /* util.swift in Sources */,
				8073727C25A7730D006787FA /* Settings.swift in Sources */,
				8073728225A78700006787FA /* DetailViewController.swift in Sources */,
			);
			runOnlyForDeploymentPostprocessing = 0;
		};
/* End PBXSourcesBuildPhase section */

/* Begin PBXVariantGroup section */
		8073726925A76227006787FA /* Main.storyboard */ = {
			isa = PBXVariantGroup;
			children = (
				8073726A25A76227006787FA /* Base */,
			);
			name = Main.storyboard;
			sourceTree = "<group>";
		};
		8073726E25A7622A006787FA /* LaunchScreen.storyboard */ = {
			isa = PBXVariantGroup;
			children = (
				8073726F25A7622A006787FA /* Base */,
			);
			name = LaunchScreen.storyboard;
			sourceTree = "<group>";
		};
/* End PBXVariantGroup section */

/* Begin XCBuildConfiguration section */
		8073727225A7622A006787FA /* Debug */ = {
			isa = XCBuildConfiguration;
			buildSettings = {
				ALWAYS_SEARCH_USER_PATHS = NO;
				CLANG_ANALYZER_NONNULL = YES;
				CLANG_ANALYZER_NUMBER_OBJECT_CONVERSION = YES_AGGRESSIVE;
				CLANG_CXX_LANGUAGE_STANDARD = "gnu++14";
				CLANG_CXX_LIBRARY = "libc++";
				CLANG_ENABLE_MODULES = YES;
				CLANG_ENABLE_OBJC_ARC = YES;
				CLANG_ENABLE_OBJC_WEAK = YES;
				CLANG_WARN_BLOCK_CAPTURE_AUTORELEASING = YES;
				CLANG_WARN_BOOL_CONVERSION = YES;
				CLANG_WARN_COMMA = YES;
				CLANG_WARN_CONSTANT_CONVERSION = YES;
				CLANG_WARN_DEPRECATED_OBJC_IMPLEMENTATIONS = YES;
				CLANG_WARN_DIRECT_OBJC_ISA_USAGE = YES_ERROR;
				CLANG_WARN_DOCUMENTATION_COMMENTS = YES;
				CLANG_WARN_EMPTY_BODY = YES;
				CLANG_WARN_ENUM_CONVERSION = YES;
				CLANG_WARN_INFINITE_RECURSION = YES;
				CLANG_WARN_INT_CONVERSION = YES;
				CLANG_WARN_NON_LITERAL_NULL_CONVERSION = YES;
				CLANG_WARN_OBJC_IMPLICIT_RETAIN_SELF = YES;
				CLANG_WARN_OBJC_LITERAL_CONVERSION = YES;
				CLANG_WARN_OBJC_ROOT_CLASS = YES_ERROR;
				CLANG_WARN_QUOTED_INCLUDE_IN_FRAMEWORK_HEADER = YES;
				CLANG_WARN_RANGE_LOOP_ANALYSIS = YES;
				CLANG_WARN_STRICT_PROTOTYPES = YES;
				CLANG_WARN_SUSPICIOUS_MOVE = YES;
				CLANG_WARN_UNGUARDED_AVAILABILITY = YES_AGGRESSIVE;
				CLANG_WARN_UNREACHABLE_CODE = YES;
				CLANG_WARN__DUPLICATE_METHOD_MATCH = YES;
				COPY_PHASE_STRIP = NO;
				DEBUG_INFORMATION_FORMAT = dwarf;
				ENABLE_STRICT_OBJC_MSGSEND = YES;
				ENABLE_TESTABILITY = YES;
				GCC_C_LANGUAGE_STANDARD = gnu11;
				GCC_DYNAMIC_NO_PIC = NO;
				GCC_NO_COMMON_BLOCKS = YES;
				GCC_OPTIMIZATION_LEVEL = 0;
				GCC_PREPROCESSOR_DEFINITIONS = (
					"DEBUG=1",
					"$(inherited)",
				);
				GCC_WARN_64_TO_32_BIT_CONVERSION = YES;
				GCC_WARN_ABOUT_RETURN_TYPE = YES_ERROR;
				GCC_WARN_UNDECLARED_SELECTOR = YES;
				GCC_WARN_UNINITIALIZED_AUTOS = YES_AGGRESSIVE;
				GCC_WARN_UNUSED_FUNCTION = YES;
				GCC_WARN_UNUSED_VARIABLE = YES;
				IPHONEOS_DEPLOYMENT_TARGET = 14.3;
				MTL_ENABLE_DEBUG_INFO = INCLUDE_SOURCE;
				MTL_FAST_MATH = YES;
				ONLY_ACTIVE_ARCH = YES;
				SDKROOT = iphoneos;
				SWIFT_ACTIVE_COMPILATION_CONDITIONS = DEBUG;
				SWIFT_OPTIMIZATION_LEVEL = "-Onone";
			};
			name = Debug;
		};
		8073727325A7622A006787FA /* Release */ = {
			isa = XCBuildConfiguration;
			buildSettings = {
				ALWAYS_SEARCH_USER_PATHS = NO;
				CLANG_ANALYZER_NONNULL = YES;
				CLANG_ANALYZER_NUMBER_OBJECT_CONVERSION = YES_AGGRESSIVE;
				CLANG_CXX_LANGUAGE_STANDARD = "gnu++14";
				CLANG_CXX_LIBRARY = "libc++";
				CLANG_ENABLE_MODULES = YES;
				CLANG_ENABLE_OBJC_ARC = YES;
				CLANG_ENABLE_OBJC_WEAK = YES;
				CLANG_WARN_BLOCK_CAPTURE_AUTORELEASING = YES;
				CLANG_WARN_BOOL_CONVERSION = YES;
				CLANG_WARN_COMMA = YES;
				CLANG_WARN_CONSTANT_CONVERSION = YES;
				CLANG_WARN_DEPRECATED_OBJC_IMPLEMENTATIONS = YES;
				CLANG_WARN_DIRECT_OBJC_ISA_USAGE = YES_ERROR;
				CLANG_WARN_DOCUMENTATION_COMMENTS = YES;
				CLANG_WARN_EMPTY_BODY = YES;
				CLANG_WARN_ENUM_CONVERSION = YES;
				CLANG_WARN_INFINITE_RECURSION = YES;
				CLANG_WARN_INT_CONVERSION = YES;
				CLANG_WARN_NON_LITERAL_NULL_CONVERSION = YES;
				CLANG_WARN_OBJC_IMPLICIT_RETAIN_SELF = YES;
				CLANG_WARN_OBJC_LITERAL_CONVERSION = YES;
				CLANG_WARN_OBJC_ROOT_CLASS = YES_ERROR;
				CLANG_WARN_QUOTED_INCLUDE_IN_FRAMEWORK_HEADER = YES;
				CLANG_WARN_RANGE_LOOP_ANALYSIS = YES;
				CLANG_WARN_STRICT_PROTOTYPES = YES;
				CLANG_WARN_SUSPICIOUS_MOVE = YES;
				CLANG_WARN_UNGUARDED_AVAILABILITY = YES_AGGRESSIVE;
				CLANG_WARN_UNREACHABLE_CODE = YES;
				CLANG_WARN__DUPLICATE_METHOD_MATCH = YES;
				COPY_PHASE_STRIP = NO;
				DEBUG_INFORMATION_FORMAT = "dwarf-with-dsym";
				ENABLE_NS_ASSERTIONS = NO;
				ENABLE_STRICT_OBJC_MSGSEND = YES;
				GCC_C_LANGUAGE_STANDARD = gnu11;
				GCC_NO_COMMON_BLOCKS = YES;
				GCC_WARN_64_TO_32_BIT_CONVERSION = YES;
				GCC_WARN_ABOUT_RETURN_TYPE = YES_ERROR;
				GCC_WARN_UNDECLARED_SELECTOR = YES;
				GCC_WARN_UNINITIALIZED_AUTOS = YES_AGGRESSIVE;
				GCC_WARN_UNUSED_FUNCTION = YES;
				GCC_WARN_UNUSED_VARIABLE = YES;
				IPHONEOS_DEPLOYMENT_TARGET = 14.3;
				MTL_ENABLE_DEBUG_INFO = NO;
				MTL_FAST_MATH = YES;
				SDKROOT = iphoneos;
				SWIFT_COMPILATION_MODE = wholemodule;
				SWIFT_OPTIMIZATION_LEVEL = "-O";
				VALIDATE_PRODUCT = YES;
			};
			name = Release;
		};
		8073727525A7622A006787FA /* Debug */ = {
			isa = XCBuildConfiguration;
			buildSettings = {
				ASSETCATALOG_COMPILER_APPICON_NAME = AppIcon;
				ASSETCATALOG_COMPILER_GLOBAL_ACCENT_COLOR_NAME = AccentColor;
				CODE_SIGN_STYLE = Automatic;
				INFOPLIST_FILE = "3-Days/Info.plist";
				LD_RUNPATH_SEARCH_PATHS = (
					"$(inherited)",
					"@executable_path/Frameworks",
				);
				PRODUCT_BUNDLE_IDENTIFIER = "appleApp.--Days";
				PRODUCT_NAME = "$(TARGET_NAME)";
				SWIFT_VERSION = 5.0;
				TARGETED_DEVICE_FAMILY = "1,2";
			};
			name = Debug;
		};
		8073727625A7622A006787FA /* Release */ = {
			isa = XCBuildConfiguration;
			buildSettings = {
				ASSETCATALOG_COMPILER_APPICON_NAME = AppIcon;
				ASSETCATALOG_COMPILER_GLOBAL_ACCENT_COLOR_NAME = AccentColor;
				CODE_SIGN_STYLE = Automatic;
				INFOPLIST_FILE = "3-Days/Info.plist";
				LD_RUNPATH_SEARCH_PATHS = (
					"$(inherited)",
					"@executable_path/Frameworks",
				);
				PRODUCT_BUNDLE_IDENTIFIER = "appleApp.--Days";
				PRODUCT_NAME = "$(TARGET_NAME)";
				SWIFT_VERSION = 5.0;
				TARGETED_DEVICE_FAMILY = "1,2";
			};
			name = Release;
		};
/* End XCBuildConfiguration section */

/* Begin XCConfigurationList section */
		8073725B25A76227006787FA /* Build configuration list for PBXProject "3-Days" */ = {
			isa = XCConfigurationList;
			buildConfigurations = (
				8073727225A7622A006787FA /* Debug */,
				8073727325A7622A006787FA /* Release */,
			);
			defaultConfigurationIsVisible = 0;
			defaultConfigurationName = Release;
		};
		8073727425A7622A006787FA /* Build configuration list for PBXNativeTarget "3-Days" */ = {
			isa = XCConfigurationList;
			buildConfigurations = (
				8073727525A7622A006787FA /* Debug */,
				8073727625A7622A006787FA /* Release */,
			);
			defaultConfigurationIsVisible = 0;
			defaultConfigurationName = Release;
		};
/* End XCConfigurationList section */
	};
	rootObject = 8073725825A76227006787FA /* Project object */;
}
