// !$*UTF8*$!
{
	archiveVersion = 1;
	classes = {
	};
	objectVersion = 51;
	objects = {

/* Begin PBXBuildFile section */
		4CB768254797102E2C1F394E /* Pods_9_Days.framework in Frameworks */ = {isa = PBXBuildFile; fileRef = AA03A9814952FA1352CF238B /* Pods_9_Days.framework */; };
		809B536B25B9D731008A878A /* AppDelegate.swift in Sources */ = {isa = PBXBuildFile; fileRef = 809B536A25B9D731008A878A /* AppDelegate.swift */; };
		809B536D25B9D731008A878A /* SceneDelegate.swift in Sources */ = {isa = PBXBuildFile; fileRef = 809B536C25B9D731008A878A /* SceneDelegate.swift */; };
		809B536F25B9D731008A878A /* ViewController.swift in Sources */ = {isa = PBXBuildFile; fileRef = 809B536E25B9D731008A878A /* ViewController.swift */; };
		809B537225B9D731008A878A /* Main.storyboard in Resources */ = {isa = PBXBuildFile; fileRef = 809B537025B9D731008A878A /* Main.storyboard */; };
		809B537425B9D735008A878A /* Assets.xcassets in Resources */ = {isa = PBXBuildFile; fileRef = 809B537325B9D735008A878A /* Assets.xcassets */; };
		809B537725B9D735008A878A /* LaunchScreen.storyboard in Resources */ = {isa = PBXBuildFile; fileRef = 809B537525B9D735008A878A /* LaunchScreen.storyboard */; };
		809B538C25B9D9CF008A878A /* DB.swift in Sources */ = {isa = PBXBuildFile; fileRef = 809B538B25B9D9CF008A878A /* DB.swift */; };
		809B538F25B9F105008A878A /* UserTable.swift in Sources */ = {isa = PBXBuildFile; fileRef = 809B538E25B9F105008A878A /* UserTable.swift */; };
/* End PBXBuildFile section */

/* Begin PBXFileReference section */
		35C5ED82046D8024F2E38CA3 /* Pods-9-Days.debug.xcconfig */ = {isa = PBXFileReference; includeInIndex = 1; lastKnownFileType = text.xcconfig; name = "Pods-9-Days.debug.xcconfig"; path = "Target Support Files/Pods-9-Days/Pods-9-Days.debug.xcconfig"; sourceTree = "<group>"; };
		809B536725B9D731008A878A /* 9-Days.app */ = {isa = PBXFileReference; explicitFileType = wrapper.application; includeInIndex = 0; path = "9-Days.app"; sourceTree = BUILT_PRODUCTS_DIR; };
		809B536A25B9D731008A878A /* AppDelegate.swift */ = {isa = PBXFileReference; lastKnownFileType = sourcecode.swift; path = AppDelegate.swift; sourceTree = "<group>"; };
		809B536C25B9D731008A878A /* SceneDelegate.swift */ = {isa = PBXFileReference; lastKnownFileType = sourcecode.swift; path = SceneDelegate.swift; sourceTree = "<group>"; };
		809B536E25B9D731008A878A /* ViewController.swift */ = {isa = PBXFileReference; lastKnownFileType = sourcecode.swift; path = ViewController.swift; sourceTree = "<group>"; };
		809B537125B9D731008A878A /* Base */ = {isa = PBXFileReference; lastKnownFileType = file.storyboard; name = Base; path = Base.lproj/Main.storyboard; sourceTree = "<group>"; };
		809B537325B9D735008A878A /* Assets.xcassets */ = {isa = PBXFileReference; lastKnownFileType = folder.assetcatalog; path = Assets.xcassets; sourceTree = "<group>"; };
		809B537625B9D735008A878A /* Base */ = {isa = PBXFileReference; lastKnownFileType = file.storyboard; name = Base; path = Base.lproj/LaunchScreen.storyboard; sourceTree = "<group>"; };
		809B537825B9D735008A878A /* Info.plist */ = {isa = PBXFileReference; lastKnownFileType = text.plist.xml; path = Info.plist; sourceTree = "<group>"; };
		809B538B25B9D9CF008A878A /* DB.swift */ = {isa = PBXFileReference; lastKnownFileType = sourcecode.swift; path = DB.swift; sourceTree = "<group>"; };
		809B538E25B9F105008A878A /* UserTable.swift */ = {isa = PBXFileReference; lastKnownFileType = sourcecode.swift; path = UserTable.swift; sourceTree = "<group>"; };
		AA03A9814952FA1352CF238B /* Pods_9_Days.framework */ = {isa = PBXFileReference; explicitFileType = wrapper.framework; includeInIndex = 0; path = Pods_9_Days.framework; sourceTree = BUILT_PRODUCTS_DIR; };
		C97C3A6AFE908A833B771CE3 /* Pods-9-Days.release.xcconfig */ = {isa = PBXFileReference; includeInIndex = 1; lastKnownFileType = text.xcconfig; name = "Pods-9-Days.release.xcconfig"; path = "Target Support Files/Pods-9-Days/Pods-9-Days.release.xcconfig"; sourceTree = "<group>"; };
/* End PBXFileReference section */

/* Begin PBXFrameworksBuildPhase section */
		809B536425B9D731008A878A /* Frameworks */ = {
			isa = PBXFrameworksBuildPhase;
			buildActionMask = 2147483647;
			files = (
				4CB768254797102E2C1F394E /* Pods_9_Days.framework in Frameworks */,
			);
			runOnlyForDeploymentPostprocessing = 0;
		};
/* End PBXFrameworksBuildPhase section */

/* Begin PBXGroup section */
		048B6770BBA3CF902C863FEC /* Frameworks */ = {
			isa = PBXGroup;
			children = (
				AA03A9814952FA1352CF238B /* Pods_9_Days.framework */,
			);
			name = Frameworks;
			sourceTree = "<group>";
		};
		62A93A0C31901A8EB36DE0CF /* Pods */ = {
			isa = PBXGroup;
			children = (
				35C5ED82046D8024F2E38CA3 /* Pods-9-Days.debug.xcconfig */,
				C97C3A6AFE908A833B771CE3 /* Pods-9-Days.release.xcconfig */,
			);
			path = Pods;
			sourceTree = "<group>";
		};
		809B535E25B9D731008A878A = {
			isa = PBXGroup;
			children = (
				809B536925B9D731008A878A /* 9-Days */,
				809B536825B9D731008A878A /* Products */,
				62A93A0C31901A8EB36DE0CF /* Pods */,
				048B6770BBA3CF902C863FEC /* Frameworks */,
			);
			sourceTree = "<group>";
		};
		809B536825B9D731008A878A /* Products */ = {
			isa = PBXGroup;
			children = (
				809B536725B9D731008A878A /* 9-Days.app */,
			);
			name = Products;
			sourceTree = "<group>";
		};
		809B536925B9D731008A878A /* 9-Days */ = {
			isa = PBXGroup;
			children = (
				809B536A25B9D731008A878A /* AppDelegate.swift */,
				809B536C25B9D731008A878A /* SceneDelegate.swift */,
				809B536E25B9D731008A878A /* ViewController.swift */,
				809B537025B9D731008A878A /* Main.storyboard */,
				809B538E25B9F105008A878A /* UserTable.swift */,
				809B537325B9D735008A878A /* Assets.xcassets */,
				809B537525B9D735008A878A /* LaunchScreen.storyboard */,
				809B537825B9D735008A878A /* Info.plist */,
				809B538B25B9D9CF008A878A /* DB.swift */,
			);
			path = "9-Days";
			sourceTree = "<group>";
		};
/* End PBXGroup section */

/* Begin PBXNativeTarget section */
		809B536625B9D731008A878A /* 9-Days */ = {
			isa = PBXNativeTarget;
			buildConfigurationList = 809B537B25B9D735008A878A /* Build configuration list for PBXNativeTarget "9-Days" */;
			buildPhases = (
				2B2BA011B59986846F06D38E /* [CP] Check Pods Manifest.lock */,
				809B536325B9D731008A878A /* Sources */,
				809B536425B9D731008A878A /* Frameworks */,
				809B536525B9D731008A878A /* Resources */,
				A84234CF9115086C177171D8 /* [CP] Embed Pods Frameworks */,
			);
			buildRules = (
			);
			dependencies = (
			);
			name = "9-Days";
			productName = "9-Days";
			productReference = 809B536725B9D731008A878A /* 9-Days.app */;
			productType = "com.apple.product-type.application";
		};
/* End PBXNativeTarget section */

/* Begin PBXProject section */
		809B535F25B9D731008A878A /* Project object */ = {
			isa = PBXProject;
			attributes = {
				LastSwiftUpdateCheck = 1230;
				LastUpgradeCheck = 1230;
				TargetAttributes = {
					809B536625B9D731008A878A = {
						CreatedOnToolsVersion = 12.3;
					};
				};
			};
			buildConfigurationList = 809B536225B9D731008A878A /* Build configuration list for PBXProject "9-Days" */;
			compatibilityVersion = "Xcode 9.3";
			developmentRegion = en;
			hasScannedForEncodings = 0;
			knownRegions = (
				en,
				Base,
			);
			mainGroup = 809B535E25B9D731008A878A;
			productRefGroup = 809B536825B9D731008A878A /* Products */;
			projectDirPath = "";
			projectRoot = "";
			targets = (
				809B536625B9D731008A878A /* 9-Days */,
			);
		};
/* End PBXProject section */

/* Begin PBXResourcesBuildPhase section */
		809B536525B9D731008A878A /* Resources */ = {
			isa = PBXResourcesBuildPhase;
			buildActionMask = 2147483647;
			files = (
				809B537725B9D735008A878A /* LaunchScreen.storyboard in Resources */,
				809B537425B9D735008A878A /* Assets.xcassets in Resources */,
				809B537225B9D731008A878A /* Main.storyboard in Resources */,
			);
			runOnlyForDeploymentPostprocessing = 0;
		};
/* End PBXResourcesBuildPhase section */

/* Begin PBXShellScriptBuildPhase section */
		2B2BA011B59986846F06D38E /* [CP] Check Pods Manifest.lock */ = {
			isa = PBXShellScriptBuildPhase;
			buildActionMask = 2147483647;
			files = (
			);
			inputFileListPaths = (
			);
			inputPaths = (
				"${PODS_PODFILE_DIR_PATH}/Podfile.lock",
				"${PODS_ROOT}/Manifest.lock",
			);
			name = "[CP] Check Pods Manifest.lock";
			outputFileListPaths = (
			);
			outputPaths = (
				"$(DERIVED_FILE_DIR)/Pods-9-Days-checkManifestLockResult.txt",
			);
			runOnlyForDeploymentPostprocessing = 0;
			shellPath = /bin/sh;
			shellScript = "diff \"${PODS_PODFILE_DIR_PATH}/Podfile.lock\" \"${PODS_ROOT}/Manifest.lock\" > /dev/null\nif [ $? != 0 ] ; then\n    # print error to STDERR\n    echo \"error: The sandbox is not in sync with the Podfile.lock. Run 'pod install' or update your CocoaPods installation.\" >&2\n    exit 1\nfi\n# This output is used by Xcode 'outputs' to avoid re-running this script phase.\necho \"SUCCESS\" > \"${SCRIPT_OUTPUT_FILE_0}\"\n";
			showEnvVarsInLog = 0;
		};
		A84234CF9115086C177171D8 /* [CP] Embed Pods Frameworks */ = {
			isa = PBXShellScriptBuildPhase;
			buildActionMask = 2147483647;
			files = (
			);
			inputFileListPaths = (
				"${PODS_ROOT}/Target Support Files/Pods-9-Days/Pods-9-Days-frameworks-${CONFIGURATION}-input-files.xcfilelist",
			);
			name = "[CP] Embed Pods Frameworks";
			outputFileListPaths = (
				"${PODS_ROOT}/Target Support Files/Pods-9-Days/Pods-9-Days-frameworks-${CONFIGURATION}-output-files.xcfilelist",
			);
			runOnlyForDeploymentPostprocessing = 0;
			shellPath = /bin/sh;
			shellScript = "\"${PODS_ROOT}/Target Support Files/Pods-9-Days/Pods-9-Days-frameworks.sh\"\n";
			showEnvVarsInLog = 0;
		};
/* End PBXShellScriptBuildPhase section */

/* Begin PBXSourcesBuildPhase section */
		809B536325B9D731008A878A /* Sources */ = {
			isa = PBXSourcesBuildPhase;
			buildActionMask = 2147483647;
			files = (
				809B538F25B9F105008A878A /* UserTable.swift in Sources */,
				809B536F25B9D731008A878A /* ViewController.swift in Sources */,
				809B538C25B9D9CF008A878A /* DB.swift in Sources */,
				809B536B25B9D731008A878A /* AppDelegate.swift in Sources */,
				809B536D25B9D731008A878A /* SceneDelegate.swift in Sources */,
			);
			runOnlyForDeploymentPostprocessing = 0;
		};
/* End PBXSourcesBuildPhase section */

/* Begin PBXVariantGroup section */
		809B537025B9D731008A878A /* Main.storyboard */ = {
			isa = PBXVariantGroup;
			children = (
				809B537125B9D731008A878A /* Base */,
			);
			name = Main.storyboard;
			sourceTree = "<group>";
		};
		809B537525B9D735008A878A /* LaunchScreen.storyboard */ = {
			isa = PBXVariantGroup;
			children = (
				809B537625B9D735008A878A /* Base */,
			);
			name = LaunchScreen.storyboard;
			sourceTree = "<group>";
		};
/* End PBXVariantGroup section */

/* Begin XCBuildConfiguration section */
		809B537925B9D735008A878A /* Debug */ = {
			isa = XCBuildConfiguration;
			buildSettings = {
				ALWAYS_SEARCH_USER_PATHS = NO;
				CLANG_ANALYZER_NONNULL = YES;
				CLANG_ANALYZER_NUMBER_OBJECT_CONVERSION = YES_AGGRESSIVE;
				CLANG_CXX_LANGUAGE_STANDARD = "gnu++14";
				CLANG_CXX_LIBRARY = "libc++";
				CLANG_ENABLE_MODULES = YES;
				CLANG_ENABLE_OBJC_ARC = YES;
				CLANG_ENABLE_OBJC_WEAK = YES;
				CLANG_WARN_BLOCK_CAPTURE_AUTORELEASING = YES;
				CLANG_WARN_BOOL_CONVERSION = YES;
				CLANG_WARN_COMMA = YES;
				CLANG_WARN_CONSTANT_CONVERSION = YES;
				CLANG_WARN_DEPRECATED_OBJC_IMPLEMENTATIONS = YES;
				CLANG_WARN_DIRECT_OBJC_ISA_USAGE = YES_ERROR;
				CLANG_WARN_DOCUMENTATION_COMMENTS = YES;
				CLANG_WARN_EMPTY_BODY = YES;
				CLANG_WARN_ENUM_CONVERSION = YES;
				CLANG_WARN_INFINITE_RECURSION = YES;
				CLANG_WARN_INT_CONVERSION = YES;
				CLANG_WARN_NON_LITERAL_NULL_CONVERSION = YES;
				CLANG_WARN_OBJC_IMPLICIT_RETAIN_SELF = YES;
				CLANG_WARN_OBJC_LITERAL_CONVERSION = YES;
				CLANG_WARN_OBJC_ROOT_CLASS = YES_ERROR;
				CLANG_WARN_QUOTED_INCLUDE_IN_FRAMEWORK_HEADER = YES;
				CLANG_WARN_RANGE_LOOP_ANALYSIS = YES;
				CLANG_WARN_STRICT_PROTOTYPES = YES;
				CLANG_WARN_SUSPICIOUS_MOVE = YES;
				CLANG_WARN_UNGUARDED_AVAILABILITY = YES_AGGRESSIVE;
				CLANG_WARN_UNREACHABLE_CODE = YES;
				CLANG_WARN__DUPLICATE_METHOD_MATCH = YES;
				COPY_PHASE_STRIP = NO;
				DEBUG_INFORMATION_FORMAT = dwarf;
				ENABLE_STRICT_OBJC_MSGSEND = YES;
				ENABLE_TESTABILITY = YES;
				GCC_C_LANGUAGE_STANDARD = gnu11;
				GCC_DYNAMIC_NO_PIC = NO;
				GCC_NO_COMMON_BLOCKS = YES;
				GCC_OPTIMIZATION_LEVEL = 0;
				GCC_PREPROCESSOR_DEFINITIONS = (
					"DEBUG=1",
					"$(inherited)",
				);
				GCC_WARN_64_TO_32_BIT_CONVERSION = YES;
				GCC_WARN_ABOUT_RETURN_TYPE = YES_ERROR;
				GCC_WARN_UNDECLARED_SELECTOR = YES;
				GCC_WARN_UNINITIALIZED_AUTOS = YES_AGGRESSIVE;
				GCC_WARN_UNUSED_FUNCTION = YES;
				GCC_WARN_UNUSED_VARIABLE = YES;
				IPHONEOS_DEPLOYMENT_TARGET = 14.3;
				MTL_ENABLE_DEBUG_INFO = INCLUDE_SOURCE;
				MTL_FAST_MATH = YES;
				ONLY_ACTIVE_ARCH = YES;
				SDKROOT = iphoneos;
				SWIFT_ACTIVE_COMPILATION_CONDITIONS = DEBUG;
				SWIFT_OPTIMIZATION_LEVEL = "-Onone";
			};
			name = Debug;
		};
		809B537A25B9D735008A878A /* Release */ = {
			isa = XCBuildConfiguration;
			buildSettings = {
				ALWAYS_SEARCH_USER_PATHS = NO;
				CLANG_ANALYZER_NONNULL = YES;
				CLANG_ANALYZER_NUMBER_OBJECT_CONVERSION = YES_AGGRESSIVE;
				CLANG_CXX_LANGUAGE_STANDARD = "gnu++14";
				CLANG_CXX_LIBRARY = "libc++";
				CLANG_ENABLE_MODULES = YES;
				CLANG_ENABLE_OBJC_ARC = YES;
				CLANG_ENABLE_OBJC_WEAK = YES;
				CLANG_WARN_BLOCK_CAPTURE_AUTORELEASING = YES;
				CLANG_WARN_BOOL_CONVERSION = YES;
				CLANG_WARN_COMMA = YES;
				CLANG_WARN_CONSTANT_CONVERSION = YES;
				CLANG_WARN_DEPRECATED_OBJC_IMPLEMENTATIONS = YES;
				CLANG_WARN_DIRECT_OBJC_ISA_USAGE = YES_ERROR;
				CLANG_WARN_DOCUMENTATION_COMMENTS = YES;
				CLANG_WARN_EMPTY_BODY = YES;
				CLANG_WARN_ENUM_CONVERSION = YES;
				CLANG_WARN_INFINITE_RECURSION = YES;
				CLANG_WARN_INT_CONVERSION = YES;
				CLANG_WARN_NON_LITERAL_NULL_CONVERSION = YES;
				CLANG_WARN_OBJC_IMPLICIT_RETAIN_SELF = YES;
				CLANG_WARN_OBJC_LITERAL_CONVERSION = YES;
				CLANG_WARN_OBJC_ROOT_CLASS = YES_ERROR;
				CLANG_WARN_QUOTED_INCLUDE_IN_FRAMEWORK_HEADER = YES;
				CLANG_WARN_RANGE_LOOP_ANALYSIS = YES;
				CLANG_WARN_STRICT_PROTOTYPES = YES;
				CLANG_WARN_SUSPICIOUS_MOVE = YES;
				CLANG_WARN_UNGUARDED_AVAILABILITY = YES_AGGRESSIVE;
				CLANG_WARN_UNREACHABLE_CODE = YES;
				CLANG_WARN__DUPLICATE_METHOD_MATCH = YES;
				COPY_PHASE_STRIP = NO;
				DEBUG_INFORMATION_FORMAT = "dwarf-with-dsym";
				ENABLE_NS_ASSERTIONS = NO;
				ENABLE_STRICT_OBJC_MSGSEND = YES;
				GCC_C_LANGUAGE_STANDARD = gnu11;
				GCC_NO_COMMON_BLOCKS = YES;
				GCC_WARN_64_TO_32_BIT_CONVERSION = YES;
				GCC_WARN_ABOUT_RETURN_TYPE = YES_ERROR;
				GCC_WARN_UNDECLARED_SELECTOR = YES;
				GCC_WARN_UNINITIALIZED_AUTOS = YES_AGGRESSIVE;
				GCC_WARN_UNUSED_FUNCTION = YES;
				GCC_WARN_UNUSED_VARIABLE = YES;
				IPHONEOS_DEPLOYMENT_TARGET = 14.3;
				MTL_ENABLE_DEBUG_INFO = NO;
				MTL_FAST_MATH = YES;
				SDKROOT = iphoneos;
				SWIFT_COMPILATION_MODE = wholemodule;
				SWIFT_OPTIMIZATION_LEVEL = "-O";
				VALIDATE_PRODUCT = YES;
			};
			name = Release;
		};
		809B537C25B9D735008A878A /* Debug */ = {
			isa = XCBuildConfiguration;
			baseConfigurationReference = 35C5ED82046D8024F2E38CA3 /* Pods-9-Days.debug.xcconfig */;
			buildSettings = {
				ASSETCATALOG_COMPILER_APPICON_NAME = AppIcon;
				ASSETCATALOG_COMPILER_GLOBAL_ACCENT_COLOR_NAME = AccentColor;
				CODE_SIGN_STYLE = Automatic;
				INFOPLIST_FILE = "9-Days/Info.plist";
				LD_RUNPATH_SEARCH_PATHS = (
					"$(inherited)",
					"@executable_path/Frameworks",
				);
				PRODUCT_BUNDLE_IDENTIFIER = "appleApp.--Days";
				PRODUCT_NAME = "$(TARGET_NAME)";
				SWIFT_VERSION = 5.0;
				TARGETED_DEVICE_FAMILY = "1,2";
			};
			name = Debug;
		};
		809B537D25B9D735008A878A /* Release */ = {
			isa = XCBuildConfiguration;
			baseConfigurationReference = C97C3A6AFE908A833B771CE3 /* Pods-9-Days.release.xcconfig */;
			buildSettings = {
				ASSETCATALOG_COMPILER_APPICON_NAME = AppIcon;
				ASSETCATALOG_COMPILER_GLOBAL_ACCENT_COLOR_NAME = AccentColor;
				CODE_SIGN_STYLE = Automatic;
				INFOPLIST_FILE = "9-Days/Info.plist";
				LD_RUNPATH_SEARCH_PATHS = (
					"$(inherited)",
					"@executable_path/Frameworks",
				);
				PRODUCT_BUNDLE_IDENTIFIER = "appleApp.--Days";
				PRODUCT_NAME = "$(TARGET_NAME)";
				SWIFT_VERSION = 5.0;
				TARGETED_DEVICE_FAMILY = "1,2";
			};
			name = Release;
		};
/* End XCBuildConfiguration section */

/* Begin XCConfigurationList section */
		809B536225B9D731008A878A /* Build configuration list for PBXProject "9-Days" */ = {
			isa = XCConfigurationList;
			buildConfigurations = (
				809B537925B9D735008A878A /* Debug */,
				809B537A25B9D735008A878A /* Release */,
			);
			defaultConfigurationIsVisible = 0;
			defaultConfigurationName = Release;
		};
		809B537B25B9D735008A878A /* Build configuration list for PBXNativeTarget "9-Days" */ = {
			isa = XCConfigurationList;
			buildConfigurations = (
				809B537C25B9D735008A878A /* Debug */,
				809B537D25B9D735008A878A /* Release */,
			);
			defaultConfigurationIsVisible = 0;
			defaultConfigurationName = Release;
		};
/* End XCConfigurationList section */
	};
	rootObject = 809B535F25B9D731008A878A /* Project object */;
}
